# This file was autogenerated by Stack.
# You should not edit this file by hand.
# For more information, please see the documentation at:
#   https://docs.haskellstack.org/en/stable/lock_files

packages:
- completed:
    hackage: Spock-0.14.0.0@sha256:7e86ccc9e66ce0fdb84d1dcd328f852d3754c2dbfcb60d0e7e2f1cce2f32f177,3681
    pantry-tree:
      size: 1118
      sha256: 6829dae9ba2492fae3e447afe13013dd863bd48fd5b8addfa74fc55d979de7b2
  original:
    hackage: Spock-0.14.0.0
- completed:
    hackage: Spock-core-0.14.0.0@sha256:b55935c2c2a259a9966999239ee6ec5e41f7d933a58baade687ffa4b4a46fe32,3457
    pantry-tree:
      size: 1113
      sha256: c89cd43f14dd0cc960627f13e5bbc027172f0be85f277f998f06266d48ab8367
  original:
    hackage: Spock-core-0.14.0.0
- completed:
    hackage: reroute-0.6.0.0@sha256:43805b3fdc7ed1ba701cd10e249abc997b2291c8f374b8333bb2ea0e0d1dad0b,2382
    pantry-tree:
      size: 660
      sha256: 0a27afabb1730147d6aa0ddf5cc6368951c4625e3706cb8f5388da9739372fa3
  original:
    hackage: reroute-0.6.0.0
- completed:
    hackage: stm-containers-1.2@sha256:a887f2e7692b7cf20e0b081e2d66e21076e2bd4b57016ec59c484edfa2d29397,3244
    pantry-tree:
      size: 761
      sha256: 20b1076bdb121347ccc512a67df697eed34815a8e35279b6b9a0951963b1eba2
  original:
    hackage: stm-containers-1.2
- completed:
    hackage: stm-hamt-1.2.0.6@sha256:fba86ccb4b45c5706c19b0e1315ba63dcac3b5d71de945ec001ba921fae80061,3972
    pantry-tree:
      size: 1009
      sha256: 1920790535af832b76e7583c33ecf51f8b0b0c3615ef1db1c8ed9be19622c1db
  original:
    hackage: stm-hamt-1.2.0.6
snapshots:
- completed:
    size: 587113
    url: https://raw.githubusercontent.com/commercialhaskell/stackage-snapshots/master/lts/18/7.yaml
    sha256: c8617e042150e4bf412d011c234aba6189f789d0cd2bd4f1a1a9ca9a0ef5d042
  original: lts-18.7
